
Microsoft Visual Studio Solution File, Format Version 12.00
# Visual Studio 15
VisualStudioVersion = 15.0.26124.0
MinimumVisualStudioVersion = 15.0.26124.0
Project("{9A19103F-16F7-4668-BE54-9A1E7A4F7556}") = "R5T.Oxford.Base.Construction", "R5T.Oxford.Base.Construction\R5T.Oxford.Base.Construction.csproj", "{629EB006-CA05-4FC1-B991-AA8E00E7FBF2}"
EndProject
Project("{9A19103F-16F7-4668-BE54-9A1E7A4F7556}") = "R5T.Oxford.Base", "R5T.Oxford.Base\R5T.Oxford.Base.csproj", "{8AFBDF25-C799-4921-A824-36B7F1DE2028}"
EndProject
Project("{2150E333-8FDC-42A3-9474-1A3956D46DE8}") = "_Dependencies", "_Dependencies", "{C1C25DB6-C47D-4422-8D38-431F177F22CE}"
EndProject
Project("{9A19103F-16F7-4668-BE54-9A1E7A4F7556}") = "R5T.Ostrogothia", "..\..\R5T.Ostrogothia\source\R5T.Ostrogothia\R5T.Ostrogothia.csproj", "{03D910C9-44D3-42DC-BDD0-9A7275E1F1EE}"
EndProject
Project("{FAE04EC0-301F-11D3-BF4B-00C04F79EFBC}") = "R5T.T0064", "..\..\R5T.T0064\source\R5T.T0064\R5T.T0064.csproj", "{F85BEB49-8915-49BF-9692-8CD61DC7D9DC}"
EndProject
Global
	GlobalSection(SolutionConfigurationPlatforms) = preSolution
		Debug|Any CPU = Debug|Any CPU
		Debug|x64 = Debug|x64
		Debug|x86 = Debug|x86
		Release|Any CPU = Release|Any CPU
		Release|x64 = Release|x64
		Release|x86 = Release|x86
	EndGlobalSection
	GlobalSection(ProjectConfigurationPlatforms) = postSolution
		{629EB006-CA05-4FC1-B991-AA8E00E7FBF2}.Debug|Any CPU.ActiveCfg = Debug|Any CPU
		{629EB006-CA05-4FC1-B991-AA8E00E7FBF2}.Debug|Any CPU.Build.0 = Debug|Any CPU
		{629EB006-CA05-4FC1-B991-AA8E00E7FBF2}.Debug|x64.ActiveCfg = Debug|Any CPU
		{629EB006-CA05-4FC1-B991-AA8E00E7FBF2}.Debug|x64.Build.0 = Debug|Any CPU
		{629EB006-CA05-4FC1-B991-AA8E00E7FBF2}.Debug|x86.ActiveCfg = Debug|Any CPU
		{629EB006-CA05-4FC1-B991-AA8E00E7FBF2}.Debug|x86.Build.0 = Debug|Any CPU
		{629EB006-CA05-4FC1-B991-AA8E00E7FBF2}.Release|Any CPU.ActiveCfg = Release|Any CPU
		{629EB006-CA05-4FC1-B991-AA8E00E7FBF2}.Release|Any CPU.Build.0 = Release|Any CPU
		{629EB006-CA05-4FC1-B991-AA8E00E7FBF2}.Release|x64.ActiveCfg = Release|Any CPU
		{629EB006-CA05-4FC1-B991-AA8E00E7FBF2}.Release|x64.Build.0 = Release|Any CPU
		{629EB006-CA05-4FC1-B991-AA8E00E7FBF2}.Release|x86.ActiveCfg = Release|Any CPU
		{629EB006-CA05-4FC1-B991-AA8E00E7FBF2}.Release|x86.Build.0 = Release|Any CPU
		{8AFBDF25-C799-4921-A824-36B7F1DE2028}.Debug|Any CPU.ActiveCfg = Debug|Any CPU
		{8AFBDF25-C799-4921-A824-36B7F1DE2028}.Debug|Any CPU.Build.0 = Debug|Any CPU
		{8AFBDF25-C799-4921-A824-36B7F1DE2028}.Debug|x64.ActiveCfg = Debug|Any CPU
		{8AFBDF25-C799-4921-A824-36B7F1DE2028}.Debug|x64.Build.0 = Debug|Any CPU
		{8AFBDF25-C799-4921-A824-36B7F1DE2028}.Debug|x86.ActiveCfg = Debug|Any CPU
		{8AFBDF25-C799-4921-A824-36B7F1DE2028}.Debug|x86.Build.0 = Debug|Any CPU
		{8AFBDF25-C799-4921-A824-36B7F1DE2028}.Release|Any CPU.ActiveCfg = Release|Any CPU
		{8AFBDF25-C799-4921-A824-36B7F1DE2028}.Release|Any CPU.Build.0 = Release|Any CPU
		{8AFBDF25-C799-4921-A824-36B7F1DE2028}.Release|x64.ActiveCfg = Release|Any CPU
		{8AFBDF25-C799-4921-A824-36B7F1DE2028}.Release|x64.Build.0 = Release|Any CPU
		{8AFBDF25-C799-4921-A824-36B7F1DE2028}.Release|x86.ActiveCfg = Release|Any CPU
		{8AFBDF25-C799-4921-A824-36B7F1DE2028}.Release|x86.Build.0 = Release|Any CPU
		{03D910C9-44D3-42DC-BDD0-9A7275E1F1EE}.Debug|Any CPU.ActiveCfg = Debug|Any CPU
		{03D910C9-44D3-42DC-BDD0-9A7275E1F1EE}.Debug|Any CPU.Build.0 = Debug|Any CPU
		{03D910C9-44D3-42DC-BDD0-9A7275E1F1EE}.Debug|x64.ActiveCfg = Debug|Any CPU
		{03D910C9-44D3-42DC-BDD0-9A7275E1F1EE}.Debug|x64.Build.0 = Debug|Any CPU
		{03D910C9-44D3-42DC-BDD0-9A7275E1F1EE}.Debug|x86.ActiveCfg = Debug|Any CPU
		{03D910C9-44D3-42DC-BDD0-9A7275E1F1EE}.Debug|x86.Build.0 = Debug|Any CPU
		{03D910C9-44D3-42DC-BDD0-9A7275E1F1EE}.Release|Any CPU.ActiveCfg = Release|Any CPU
		{03D910C9-44D3-42DC-BDD0-9A7275E1F1EE}.Release|Any CPU.Build.0 = Release|Any CPU
		{03D910C9-44D3-42DC-BDD0-9A7275E1F1EE}.Release|x64.ActiveCfg = Release|Any CPU
		{03D910C9-44D3-42DC-BDD0-9A7275E1F1EE}.Release|x64.Build.0 = Release|Any CPU
		{03D910C9-44D3-42DC-BDD0-9A7275E1F1EE}.Release|x86.ActiveCfg = Release|Any CPU
		{03D910C9-44D3-42DC-BDD0-9A7275E1F1EE}.Release|x86.Build.0 = Release|Any CPU
		{F85BEB49-8915-49BF-9692-8CD61DC7D9DC}.Debug|Any CPU.ActiveCfg = Debug|Any CPU
		{F85BEB49-8915-49BF-9692-8CD61DC7D9DC}.Debug|Any CPU.Build.0 = Debug|Any CPU
		{F85BEB49-8915-49BF-9692-8CD61DC7D9DC}.Debug|x64.ActiveCfg = Debug|Any CPU
		{F85BEB49-8915-49BF-9692-8CD61DC7D9DC}.Debug|x64.Build.0 = Debug|Any CPU
		{F85BEB49-8915-49BF-9692-8CD61DC7D9DC}.Debug|x86.ActiveCfg = Debug|Any CPU
		{F85BEB49-8915-49BF-9692-8CD61DC7D9DC}.Debug|x86.Build.0 = Debug|Any CPU
		{F85BEB49-8915-49BF-9692-8CD61DC7D9DC}.Release|Any CPU.ActiveCfg = Release|Any CPU
		{F85BEB49-8915-49BF-9692-8CD61DC7D9DC}.Release|Any CPU.Build.0 = Release|Any CPU
		{F85BEB49-8915-49BF-9692-8CD61DC7D9DC}.Release|x64.ActiveCfg = Release|Any CPU
		{F85BEB49-8915-49BF-9692-8CD61DC7D9DC}.Release|x64.Build.0 = Release|Any CPU
		{F85BEB49-8915-49BF-9692-8CD61DC7D9DC}.Release|x86.ActiveCfg = Release|Any CPU
		{F85BEB49-8915-49BF-9692-8CD61DC7D9DC}.Release|x86.Build.0 = Release|Any CPU
	EndGlobalSection
	GlobalSection(SolutionProperties) = preSolution
		HideSolutionNode = FALSE
	EndGlobalSection
	GlobalSection(NestedProjects) = preSolution
		{03D910C9-44D3-42DC-BDD0-9A7275E1F1EE} = {C1C25DB6-C47D-4422-8D38-431F177F22CE}
		{F85BEB49-8915-49BF-9692-8CD61DC7D9DC} = {C1C25DB6-C47D-4422-8D38-431F177F22CE}
	EndGlobalSection
	GlobalSection(ExtensibilityGlobals) = postSolution
		SolutionGuid = {5ABFC32F-626B-4499-BCFF-BDF7C3683214}
	EndGlobalSection
EndGlobal
